# This is a Gradle generated file for dependency locking.
# Manual edits can break the build and are not advised.
# This file is expected to be part of source control.
ch.qos.logback:logback-classic:1.5.32=compileClasspath,runtimeClasspath,testCompileClasspath,testRuntimeClasspath
ch.qos.logback:logback-core:1.5.32=compileClasspath,runtimeClasspath,testCompileClasspath,testRuntimeClasspath
com.akuleshov7:ktoml-core-jvm:0.7.1=compileClasspath,runtimeClasspath,testCompileClasspath,testRuntimeClasspath
com.akuleshov7:ktoml-core:0.7.1=compileClasspath,runtimeClasspath,testCompileClasspath,testRuntimeClasspath
com.akuleshov7:ktoml-file-jvm:0.7.1=compileClasspath,runtimeClasspath,testCompileClasspath,testRuntimeClasspath
com.akuleshov7:ktoml-file:0.7.1=compileClasspath,runtimeClasspath,testCompileClasspath,testRuntimeClasspath
com.akuleshov7:ktoml-source-jvm:0.7.1=compileClasspath,runtimeClasspath,testCompileClasspath,testRuntimeClasspath
com.akuleshov7:ktoml-source:0.7.1=compileClasspath,runtimeClasspath,testCompileClasspath,testRuntimeClasspath
com.ethlo.time:itu:1.7.0=testCompileClasspath,testRuntimeClasspath
com.fasterxml.jackson.core:jackson-annotations:2.20=testCompileClasspath,testRuntimeClasspath
com.fasterxml.jackson.core:jackson-core:2.14.1=testCompileClasspath,testRuntimeClasspath
com.fasterxml.jackson.core:jackson-databind:2.14.1=testCompileClasspath,testRuntimeClasspath
com.fasterxml.jackson.dataformat:jackson-dataformat-yaml:2.14.1=testCompileClasspath,testRuntimeClasspath
com.fasterxml.jackson.datatype:jackson-datatype-jsr310:2.14.1=testCompileClasspath,testRuntimeClasspath
com.fasterxml.jackson:jackson-bom:2.14.1=testCompileClasspath,testRuntimeClasspath
com.fasterxml.uuid:java-uuid-generator:4.1.0=testCompileClasspath,testRuntimeClasspath
com.github.ajalt.clikt:clikt-core-jvm:5.1.0=compileClasspath,runtimeClasspath,testCompileClasspath,testRuntimeClasspath
com.github.ajalt.clikt:clikt-core:5.1.0=compileClasspath,runtimeClasspath,testCompileClasspath,testRuntimeClasspath
com.github.ajalt.clikt:clikt-jvm:5.1.0=compileClasspath,runtimeClasspath,testCompileClasspath,testRuntimeClasspath
com.github.ajalt.clikt:clikt:5.1.0=compileClasspath,runtimeClasspath,testCompileClasspath,testRuntimeClasspath
com.github.ajalt.colormath:colormath-jvm:3.6.0=compileClasspath,runtimeClasspath,testCompileClasspath,testRuntimeClasspath
com.github.ajalt.colormath:colormath:3.6.0=compileClasspath,runtimeClasspath,testCompileClasspath,testRuntimeClasspath
com.github.ajalt.mordant:mordant-core-jvm:3.0.2=compileClasspath,runtimeClasspath,testCompileClasspath,testRuntimeClasspath
com.github.ajalt.mordant:mordant-core:3.0.2=compileClasspath,runtimeClasspath,testCompileClasspath,testRuntimeClasspath
com.github.ajalt.mordant:mordant-jvm-ffm-jvm:3.0.2=runtimeClasspath,testRuntimeClasspath
com.github.ajalt.mordant:mordant-jvm-ffm:3.0.2=runtimeClasspath,testRuntimeClasspath
com.github.ajalt.mordant:mordant-jvm-graal-ffi-jvm:3.0.2=runtimeClasspath,testRuntimeClasspath
com.github.ajalt.mordant:mordant-jvm-graal-ffi:3.0.2=runtimeClasspath,testRuntimeClasspath
com.github.ajalt.mordant:mordant-jvm-jna-jvm:3.0.2=runtimeClasspath,testRuntimeClasspath
com.github.ajalt.mordant:mordant-jvm-jna:3.0.2=runtimeClasspath,testRuntimeClasspath
com.github.ajalt.mordant:mordant-jvm:3.0.2=compileClasspath,runtimeClasspath,testCompileClasspath,testRuntimeClasspath
com.github.ajalt.mordant:mordant:3.0.2=compileClasspath,runtimeClasspath,testCompileClasspath,testRuntimeClasspath
com.github.cliftonlabs:json-simple:3.0.2=testCompileClasspath,testRuntimeClasspath
com.github.docker-java:docker-java-api:3.7.1=testCompileClasspath,testRuntimeClasspath
com.github.docker-java:docker-java-transport-zerodep:3.7.1=testCompileClasspath,testRuntimeClasspath
com.github.docker-java:docker-java-transport:3.7.1=testCompileClasspath,testRuntimeClasspath
com.github.java-json-tools:btf:1.3=testCompileClasspath,testRuntimeClasspath
com.github.java-json-tools:jackson-coreutils-equivalence:1.0=testCompileClasspath,testRuntimeClasspath
com.github.java-json-tools:jackson-coreutils:2.0=testCompileClasspath,testRuntimeClasspath
com.github.java-json-tools:json-patch:1.13=testCompileClasspath,testRuntimeClasspath
com.github.java-json-tools:json-schema-core:1.2.14=testCompileClasspath,testRuntimeClasspath
com.github.java-json-tools:json-schema-validator:2.2.14=testCompileClasspath,testRuntimeClasspath
com.github.java-json-tools:msg-simple:1.2=testCompileClasspath,testRuntimeClasspath
com.github.java-json-tools:uri-template:0.10=testCompileClasspath,testRuntimeClasspath
com.github.stephenc.jcip:jcip-annotations:1.0-1=testCompileClasspath,testRuntimeClasspath
com.google.code.findbugs:jsr305:3.0.2=kspKotlinProcessorClasspath,kspTestKotlinProcessorClasspath,testCompileClasspath,testRuntimeClasspath
com.google.dagger:dagger-compiler:2.59.2=kspKotlinProcessorClasspath,kspTestKotlinProcessorClasspath
com.google.dagger:dagger-spi:2.59.2=kspKotlinProcessorClasspath,kspTestKotlinProcessorClasspath
com.google.dagger:dagger:2.59.2=compileClasspath,kspKotlinProcessorClasspath,kspTestKotlinProcessorClasspath,runtimeClasspath,testCompileClasspath,testRuntimeClasspath
com.google.devtools.ksp:symbol-processing-api:2.3.4=kspKotlinProcessorClasspath,kspTestKotlinProcessorClasspath
com.google.devtools.ksp:symbol-processing-api:2.3.6=kspPluginClasspath,kspPluginClasspathNonEmbeddable
com.google.devtools.ksp:symbol-processing:2.3.6=kotlinCompilerPluginClasspathMain,kotlinCompilerPluginClasspathTest
com.google.errorprone:error_prone_annotations:2.23.0=kspKotlinProcessorClasspath,kspTestKotlinProcessorClasspath
com.google.errorprone:error_prone_annotations:2.47.0=compileClasspath,runtimeClasspath,testCompileClasspath,testRuntimeClasspath
com.google.googlejavaformat:google-java-format:1.33.0=kspKotlinProcessorClasspath,kspTestKotlinProcessorClasspath
com.google.guava:failureaccess:1.0.2=kspKotlinProcessorClasspath,kspTestKotlinProcessorClasspath
com.google.guava:failureaccess:1.0.3=compileClasspath,runtimeClasspath,testCompileClasspath,testRuntimeClasspath
com.google.guava:guava:33.0.0-jre=kspKotlinProcessorClasspath,kspTestKotlinProcessorClasspath
com.google.guava:guava:33.6.0-jre=compileClasspath,runtimeClasspath,testCompileClasspath,testRuntimeClasspath
com.google.guava:listenablefuture:9999.0-empty-to-avoid-conflict-with-guava=compileClasspath,kspKotlinProcessorClasspath,kspTestKotlinProcessorClasspath,runtimeClasspath,testCompileClasspath,testRuntimeClasspath
com.google.j2objc:j2objc-annotations:3.1=compileClasspath,runtimeClasspath,testCompileClasspath,testRuntimeClasspath
com.googlecode.libphonenumber:libphonenumber:8.11.1=testCompileClasspath,testRuntimeClasspath
com.hivemq:hivemq-mqtt-client:1.3.13=compileClasspath,runtimeClasspath,testCompileClasspath,testRuntimeClasspath
com.jayway.jsonpath:json-path:2.7.0=testCompileClasspath,testRuntimeClasspath
com.jcraft:jzlib:1.1.3=testCompileClasspath,testRuntimeClasspath
com.lmax:disruptor:3.4.4=testCompileClasspath,testRuntimeClasspath
com.networknt:json-schema-validator:1.0.76=testCompileClasspath,testRuntimeClasspath
com.nimbusds:nimbus-jose-jwt:9.28=testCompileClasspath,testRuntimeClasspath
com.samskivert:jmustache:1.15=testCompileClasspath,testRuntimeClasspath
com.squareup.okio:okio-jvm:3.16.0=runtimeClasspath,testRuntimeClasspath
com.squareup.okio:okio:3.16.0=runtimeClasspath,testRuntimeClasspath
com.squareup:javapoet:1.13.0=kspKotlinProcessorClasspath,kspTestKotlinProcessorClasspath
com.squareup:kotlinpoet-jvm:2.2.0=kspKotlinProcessorClasspath,kspTestKotlinProcessorClasspath
com.squareup:kotlinpoet-ksp:2.2.0=kspKotlinProcessorClasspath,kspTestKotlinProcessorClasspath
com.squareup:kotlinpoet:2.2.0=kspKotlinProcessorClasspath,kspTestKotlinProcessorClasspath
com.sun.activation:jakarta.activation:2.0.1=testCompileClasspath
com.sun.mail:mailapi:1.6.2=testCompileClasspath,testRuntimeClasspath
com.sun.xml.bind:jaxb-core:4.0.1=testRuntimeClasspath
com.sun.xml.bind:jaxb-impl:4.0.1=testRuntimeClasspath
commons-beanutils:commons-beanutils:1.9.4=testCompileClasspath,testRuntimeClasspath
commons-codec:commons-codec:1.19.0=testCompileClasspath,testRuntimeClasspath
commons-collections:commons-collections:3.2.2=testCompileClasspath,testRuntimeClasspath
commons-io:commons-io:2.20.0=testCompileClasspath,testRuntimeClasspath
commons-logging:commons-logging:1.2=testCompileClasspath,testRuntimeClasspath
de.jensklingenberg.ktorfit:compiler-plugin:2.3.3=kotlinCompilerPluginClasspathMain,kotlinCompilerPluginClasspathTest
de.jensklingenberg.ktorfit:ktorfit-annotations-jvm:2.7.2=compileClasspath,kspKotlinProcessorClasspath,kspTestKotlinProcessorClasspath,runtimeClasspath,testCompileClasspath,testRuntimeClasspath
de.jensklingenberg.ktorfit:ktorfit-annotations:2.7.2=compileClasspath,kspKotlinProcessorClasspath,kspTestKotlinProcessorClasspath,runtimeClasspath,testCompileClasspath,testRuntimeClasspath
de.jensklingenberg.ktorfit:ktorfit-ksp:2.7.2=kspKotlinProcessorClasspath,kspTestKotlinProcessorClasspath
de.jensklingenberg.ktorfit:ktorfit-lib-jvm:2.7.2=compileClasspath,runtimeClasspath,testCompileClasspath,testRuntimeClasspath
de.jensklingenberg.ktorfit:ktorfit-lib-light-jvm:2.7.2=compileClasspath,runtimeClasspath,testCompileClasspath,testRuntimeClasspath
de.jensklingenberg.ktorfit:ktorfit-lib-light:2.7.2=compileClasspath,runtimeClasspath,testCompileClasspath,testRuntimeClasspath
de.jensklingenberg.ktorfit:ktorfit-lib:2.7.2=compileClasspath,runtimeClasspath,testCompileClasspath,testRuntimeClasspath
io.github.classgraph:classgraph:4.8.154=testCompileClasspath,testRuntimeClasspath
io.github.hakky54:ayza:10.0.4=compileClasspath,runtimeClasspath,testCompileClasspath,testRuntimeClasspath
io.github.hakky54:sude:2.0.2=compileClasspath,runtimeClasspath,testCompileClasspath,testRuntimeClasspath
io.github.java-diff-utils:java-diff-utils:4.12=kotlinInternalAbiValidation
io.github.oshai:kotlin-logging-jvm:8.0.01=compileClasspath,runtimeClasspath,testCompileClasspath,testRuntimeClasspath
io.ktor:ktor-client-cio-jvm:3.3.3=runtimeClasspath,testRuntimeClasspath
io.ktor:ktor-client-content-negotiation-jvm:3.4.3=compileClasspath,runtimeClasspath,testCompileClasspath,testRuntimeClasspath
io.ktor:ktor-client-core-jvm:3.4.3=compileClasspath,runtimeClasspath,testCompileClasspath,testRuntimeClasspath
io.ktor:ktor-client-core:3.4.3=compileClasspath,runtimeClasspath,testCompileClasspath,testRuntimeClasspath
io.ktor:ktor-client-logging-jvm:3.4.3=compileClasspath,runtimeClasspath,testCompileClasspath,testRuntimeClasspath
io.ktor:ktor-client-logging:3.4.3=compileClasspath,runtimeClasspath,testCompileClasspath,testRuntimeClasspath
io.ktor:ktor-events-jvm:3.4.3=compileClasspath,runtimeClasspath,testCompileClasspath,testRuntimeClasspath
io.ktor:ktor-events:3.4.3=compileClasspath,runtimeClasspath,testCompileClasspath,testRuntimeClasspath
io.ktor:ktor-http-cio-jvm:3.4.3=compileClasspath,runtimeClasspath,testCompileClasspath,testRuntimeClasspath
io.ktor:ktor-http-cio:3.4.3=compileClasspath,runtimeClasspath,testCompileClasspath,testRuntimeClasspath
io.ktor:ktor-http-jvm:3.4.3=compileClasspath,runtimeClasspath,testCompileClasspath,testRuntimeClasspath
io.ktor:ktor-http:3.4.3=compileClasspath,runtimeClasspath,testCompileClasspath,testRuntimeClasspath
io.ktor:ktor-io-jvm:3.4.3=compileClasspath,runtimeClasspath,testCompileClasspath,testRuntimeClasspath
io.ktor:ktor-io:3.4.3=compileClasspath,runtimeClasspath,testCompileClasspath,testRuntimeClasspath
io.ktor:ktor-network-jvm:3.4.3=compileClasspath,runtimeClasspath,testCompileClasspath,testRuntimeClasspath
io.ktor:ktor-network-tls-jvm:3.3.3=runtimeClasspath,testRuntimeClasspath
io.ktor:ktor-network-tls:3.3.3=runtimeClasspath,testRuntimeClasspath
io.ktor:ktor-network:3.4.3=compileClasspath,runtimeClasspath,testCompileClasspath,testRuntimeClasspath
io.ktor:ktor-serialization-jvm:3.4.3=compileClasspath,runtimeClasspath,testCompileClasspath,testRuntimeClasspath
io.ktor:ktor-serialization-kotlinx-json-jvm:3.4.3=compileClasspath,runtimeClasspath,testCompileClasspath,testRuntimeClasspath
io.ktor:ktor-serialization-kotlinx-jvm:3.4.3=compileClasspath,runtimeClasspath,testCompileClasspath,testRuntimeClasspath
io.ktor:ktor-serialization-kotlinx:3.4.3=compileClasspath,runtimeClasspath,testCompileClasspath,testRuntimeClasspath
io.ktor:ktor-serialization:3.4.3=compileClasspath,runtimeClasspath,testCompileClasspath,testRuntimeClasspath
io.ktor:ktor-sse-jvm:3.4.3=compileClasspath,runtimeClasspath,testCompileClasspath,testRuntimeClasspath
io.ktor:ktor-sse:3.4.3=compileClasspath,runtimeClasspath,testCompileClasspath,testRuntimeClasspath
io.ktor:ktor-utils-jvm:3.4.3=compileClasspath,runtimeClasspath,testCompileClasspath,testRuntimeClasspath
io.ktor:ktor-utils:3.4.3=compileClasspath,runtimeClasspath,testCompileClasspath,testRuntimeClasspath
io.ktor:ktor-websocket-serialization-jvm:3.4.3=compileClasspath,runtimeClasspath,testCompileClasspath,testRuntimeClasspath
io.ktor:ktor-websocket-serialization:3.4.3=compileClasspath,runtimeClasspath,testCompileClasspath,testRuntimeClasspath
io.ktor:ktor-websockets-jvm:3.4.3=compileClasspath,runtimeClasspath,testCompileClasspath,testRuntimeClasspath
io.ktor:ktor-websockets:3.4.3=compileClasspath,runtimeClasspath,testCompileClasspath,testRuntimeClasspath
io.netty:netty-buffer:4.1.132.Final=runtimeClasspath,testRuntimeClasspath
io.netty:netty-buffer:4.1.86.Final=testCompileClasspath
io.netty:netty-codec-http2:4.1.86.Final=testCompileClasspath,testRuntimeClasspath
io.netty:netty-codec-http:4.1.86.Final=testCompileClasspath,testRuntimeClasspath
io.netty:netty-codec-socks:4.1.86.Final=testCompileClasspath,testRuntimeClasspath
io.netty:netty-codec:4.1.132.Final=runtimeClasspath,testRuntimeClasspath
io.netty:netty-codec:4.1.86.Final=testCompileClasspath
io.netty:netty-common:4.1.132.Final=runtimeClasspath,testRuntimeClasspath
io.netty:netty-common:4.1.86.Final=testCompileClasspath
io.netty:netty-handler-proxy:4.1.86.Final=testCompileClasspath,testRuntimeClasspath
io.netty:netty-handler:4.1.132.Final=runtimeClasspath,testRuntimeClasspath
io.netty:netty-handler:4.1.86.Final=testCompileClasspath
io.netty:netty-resolver:4.1.132.Final=runtimeClasspath,testRuntimeClasspath
io.netty:netty-resolver:4.1.86.Final=testCompileClasspath
io.netty:netty-tcnative-boringssl-static:2.0.56.Final=testCompileClasspath,testRuntimeClasspath
io.netty:netty-tcnative-classes:2.0.56.Final=testCompileClasspath,testRuntimeClasspath
io.netty:netty-transport-native-unix-common:4.1.132.Final=runtimeClasspath,testRuntimeClasspath
io.netty:netty-transport-native-unix-common:4.1.86.Final=testCompileClasspath
io.netty:netty-transport:4.1.132.Final=runtimeClasspath,testRuntimeClasspath
io.netty:netty-transport:4.1.86.Final=testCompileClasspath
io.prometheus:simpleclient:0.16.0=testCompileClasspath,testRuntimeClasspath
io.prometheus:simpleclient_common:0.16.0=testCompileClasspath,testRuntimeClasspath
io.prometheus:simpleclient_httpserver:0.16.0=testCompileClasspath,testRuntimeClasspath
io.prometheus:simpleclient_tracer_common:0.16.0=testCompileClasspath,testRuntimeClasspath
io.prometheus:simpleclient_tracer_otel:0.16.0=testCompileClasspath,testRuntimeClasspath
io.prometheus:simpleclient_tracer_otel_agent:0.16.0=testCompileClasspath,testRuntimeClasspath
io.reactivex.rxjava2:rxjava:2.2.21=compileClasspath,runtimeClasspath,testCompileClasspath,testRuntimeClasspath
io.reactivex.rxjava3:rxjava:3.1.12=compileClasspath,runtimeClasspath,testCompileClasspath,testRuntimeClasspath
io.swagger.core.v3:swagger-annotations:2.2.8=testCompileClasspath,testRuntimeClasspath
io.swagger.core.v3:swagger-core:2.2.8=testCompileClasspath,testRuntimeClasspath
io.swagger.core.v3:swagger-models:2.2.8=testCompileClasspath,testRuntimeClasspath
io.swagger.parser.v3:swagger-parser-core:2.1.10=testCompileClasspath,testRuntimeClasspath
io.swagger.parser.v3:swagger-parser-v2-converter:2.1.10=testCompileClasspath,testRuntimeClasspath
io.swagger.parser.v3:swagger-parser-v3:2.1.10=testCompileClasspath,testRuntimeClasspath
io.swagger.parser.v3:swagger-parser:2.1.10=testCompileClasspath,testRuntimeClasspath
io.swagger:swagger-annotations:1.6.9=testCompileClasspath,testRuntimeClasspath
io.swagger:swagger-compat-spec-parser:1.0.64=testCompileClasspath,testRuntimeClasspath
io.swagger:swagger-core:1.6.9=testCompileClasspath,testRuntimeClasspath
io.swagger:swagger-models:1.6.9=testCompileClasspath,testRuntimeClasspath
io.swagger:swagger-parser:1.0.64=testCompileClasspath,testRuntimeClasspath
jakarta.activation:jakarta.activation-api:2.1.0=testRuntimeClasspath
jakarta.inject:jakarta.inject-api:2.0.1=compileClasspath,kspKotlinProcessorClasspath,kspTestKotlinProcessorClasspath,runtimeClasspath,testCompileClasspath,testRuntimeClasspath
jakarta.validation:jakarta.validation-api:2.0.2=testCompileClasspath,testRuntimeClasspath
jakarta.xml.bind:jakarta.xml.bind-api:3.0.1=testCompileClasspath
jakarta.xml.bind:jakarta.xml.bind-api:4.0.0=testRuntimeClasspath
javax.inject:javax.inject:1=compileClasspath,kspKotlinProcessorClasspath,kspTestKotlinProcessorClasspath,runtimeClasspath,testCompileClasspath,testRuntimeClasspath
javax.servlet:javax.servlet-api:4.0.1=testCompileClasspath,testRuntimeClasspath
joda-time:joda-time:2.10.5=testCompileClasspath,testRuntimeClasspath
net.bytebuddy:byte-buddy-agent:1.17.7=testCompileClasspath,testRuntimeClasspath
net.bytebuddy:byte-buddy:1.17.7=testCompileClasspath,testRuntimeClasspath
net.java.dev.jna:jna:5.14.0=runtimeClasspath
net.java.dev.jna:jna:5.18.1=testCompileClasspath,testRuntimeClasspath
net.javacrumbs.json-unit:json-unit-core:2.36.0=testCompileClasspath,testRuntimeClasspath
net.ltgt.gradle.incap:incap:0.2=kspKotlinProcessorClasspath,kspTestKotlinProcessorClasspath
net.minidev:accessors-smart:2.4.7=testCompileClasspath,testRuntimeClasspath
net.minidev:json-smart:2.4.7=testCompileClasspath,testRuntimeClasspath
net.sf.jopt-simple:jopt-simple:5.0.4=testCompileClasspath,testRuntimeClasspath
org.antlr:ST4:4.3.4=testCompileClasspath,testRuntimeClasspath
org.antlr:antlr-runtime:3.5.3=testCompileClasspath,testRuntimeClasspath
org.apache.commons:commons-compress:1.28.0=testCompileClasspath,testRuntimeClasspath
org.apache.commons:commons-digester3:3.2=testCompileClasspath,testRuntimeClasspath
org.apache.commons:commons-lang3:3.18.0=testCompileClasspath,testRuntimeClasspath
org.apache.commons:commons-text:1.10.0=testCompileClasspath,testRuntimeClasspath
org.apache.httpcomponents:httpclient:4.5.13=testCompileClasspath,testRuntimeClasspath
org.apache.httpcomponents:httpcore:4.4.13=testCompileClasspath,testRuntimeClasspath
org.apache.velocity.tools:velocity-tools-generic:3.1=testCompileClasspath,testRuntimeClasspath
org.apache.velocity:velocity-engine-core:2.3=testCompileClasspath,testRuntimeClasspath
org.apache.velocity:velocity-engine-scripting:2.3=testCompileClasspath,testRuntimeClasspath
org.apiguardian:apiguardian-api:1.1.2=testCompileClasspath
org.assertj:assertj-core:4.0.0-M1=testCompileClasspath,testRuntimeClasspath
org.bouncycastle:bcpkix-jdk18on:1.72=testCompileClasspath,testRuntimeClasspath
org.bouncycastle:bcprov-jdk18on:1.72=testCompileClasspath,testRuntimeClasspath
org.bouncycastle:bcutil-jdk18on:1.72=testCompileClasspath,testRuntimeClasspath
org.checkerframework:checker-compat-qual:2.5.3=kspKotlinProcessorClasspath,kspTestKotlinProcessorClasspath
org.checkerframework:checker-qual:3.41.0=kspKotlinProcessorClasspath,kspTestKotlinProcessorClasspath
org.eclipse.angus:angus-activation:1.0.0=testRuntimeClasspath
org.hamcrest:hamcrest-core:2.2=testCompileClasspath,testRuntimeClasspath
org.hamcrest:hamcrest:2.2=testCompileClasspath,testRuntimeClasspath
org.jctools:jctools-core:2.1.2=runtimeClasspath,testRuntimeClasspath
org.jetbrains.kotlin:abi-tools-api:2.3.21=kotlinInternalAbiValidation
org.jetbrains.kotlin:abi-tools:2.3.21=kotlinInternalAbiValidation
org.jetbrains.kotlin:kotlin-build-tools-api:2.3.21=kotlinBuildToolsApiClasspath,kotlinCompilerClasspath
org.jetbrains.kotlin:kotlin-build-tools-compat:2.3.21=kotlinBuildToolsApiClasspath,kotlinCompilerClasspath
org.jetbrains.kotlin:kotlin-build-tools-cri-impl:2.3.21=kotlinBuildToolsApiClasspath,kotlinCompilerClasspath
org.jetbrains.kotlin:kotlin-build-tools-impl:2.3.21=kotlinBuildToolsApiClasspath,kotlinCompilerClasspath
org.jetbrains.kotlin:kotlin-compiler-embeddable:2.3.21=kotlinBuildToolsApiClasspath,kotlinCompilerClasspath,kotlinKlibCommonizerClasspath
org.jetbrains.kotlin:kotlin-compiler-runner:2.3.21=kotlinBuildToolsApiClasspath,kotlinCompilerClasspath
org.jetbrains.kotlin:kotlin-daemon-client:2.3.21=kotlinBuildToolsApiClasspath,kotlinCompilerClasspath
org.jetbrains.kotlin:kotlin-daemon-embeddable:2.3.21=kotlinBuildToolsApiClasspath,kotlinCompilerClasspath,kotlinKlibCommonizerClasspath
org.jetbrains.kotlin:kotlin-klib-abi-reader:2.3.21=kotlinInternalAbiValidation
org.jetbrains.kotlin:kotlin-klib-commonizer-embeddable:2.3.21=kotlinKlibCommonizerClasspath
org.jetbrains.kotlin:kotlin-metadata-jvm:2.2.20=kspKotlinProcessorClasspath,kspTestKotlinProcessorClasspath
org.jetbrains.kotlin:kotlin-metadata-jvm:2.3.21=kotlinInternalAbiValidation
org.jetbrains.kotlin:kotlin-reflect:1.6.10=kotlinBuildToolsApiClasspath,kotlinCompilerClasspath,kotlinKlibCommonizerClasspath
org.jetbrains.kotlin:kotlin-reflect:2.1.21=kspKotlinProcessorClasspath,kspTestKotlinProcessorClasspath
org.jetbrains.kotlin:kotlin-script-runtime:2.3.21=kotlinBuildToolsApiClasspath,kotlinCompilerClasspath,kotlinCompilerPluginClasspathMain,kotlinCompilerPluginClasspathTest,kotlinKlibCommonizerClasspath
org.jetbrains.kotlin:kotlin-scripting-common:2.3.21=kotlinCompilerPluginClasspathMain,kotlinCompilerPluginClasspathTest
org.jetbrains.kotlin:kotlin-scripting-compiler-embeddable:2.3.21=kotlinCompilerPluginClasspathMain,kotlinCompilerPluginClasspathTest
org.jetbrains.kotlin:kotlin-scripting-compiler-impl-embeddable:2.3.21=kotlinCompilerPluginClasspathMain,kotlinCompilerPluginClasspathTest
org.jetbrains.kotlin:kotlin-scripting-jvm:2.3.21=kotlinCompilerPluginClasspathMain,kotlinCompilerPluginClasspathTest
org.jetbrains.kotlin:kotlin-serialization-compiler-plugin-embeddable:2.3.21=kotlinCompilerPluginClasspathMain,kotlinCompilerPluginClasspathTest
org.jetbrains.kotlin:kotlin-stdlib:2.2.21=kspKotlinProcessorClasspath,kspTestKotlinProcessorClasspath
org.jetbrains.kotlin:kotlin-stdlib:2.3.0=kspPluginClasspath,kspPluginClasspathNonEmbeddable
org.jetbrains.kotlin:kotlin-stdlib:2.3.21=compileClasspath,kotlinBuildToolsApiClasspath,kotlinCompilerClasspath,kotlinCompilerPluginClasspathMain,kotlinCompilerPluginClasspathTest,kotlinInternalAbiValidation,kotlinKlibCommonizerClasspath,runtimeClasspath,testCompileClasspath,testRuntimeClasspath
org.jetbrains.kotlin:kotlin-tooling-core:2.3.21=kotlinBuildToolsApiClasspath,kotlinCompilerClasspath
org.jetbrains.kotlinx:kotlinx-coroutines-bom:1.10.2=compileClasspath,runtimeClasspath,testCompileClasspath,testRuntimeClasspath
org.jetbrains.kotlinx:kotlinx-coroutines-core-jvm:1.10.2=compileClasspath,runtimeClasspath,testCompileClasspath,testRuntimeClasspath
org.jetbrains.kotlinx:kotlinx-coroutines-core-jvm:1.8.0=kotlinBuildToolsApiClasspath,kotlinCompilerClasspath,kotlinKlibCommonizerClasspath
org.jetbrains.kotlinx:kotlinx-coroutines-core:1.10.2=compileClasspath,runtimeClasspath,testCompileClasspath,testRuntimeClasspath
org.jetbrains.kotlinx:kotlinx-coroutines-reactive:1.10.2=compileClasspath,runtimeClasspath,testCompileClasspath,testRuntimeClasspath
org.jetbrains.kotlinx:kotlinx-coroutines-rx3:1.10.2=compileClasspath,runtimeClasspath,testCompileClasspath,testRuntimeClasspath
org.jetbrains.kotlinx:kotlinx-coroutines-slf4j:1.10.2=compileClasspath,runtimeClasspath,testCompileClasspath,testRuntimeClasspath
org.jetbrains.kotlinx:kotlinx-datetime-jvm:0.7.1-0.6.x-compat=compileClasspath,runtimeClasspath,testCompileClasspath,testRuntimeClasspath
org.jetbrains.kotlinx:kotlinx-datetime:0.7.1-0.6.x-compat=compileClasspath,runtimeClasspath,testCompileClasspath,testRuntimeClasspath
org.jetbrains.kotlinx:kotlinx-io-bytestring-jvm:0.8.2=compileClasspath,runtimeClasspath,testCompileClasspath,testRuntimeClasspath
org.jetbrains.kotlinx:kotlinx-io-bytestring:0.8.2=compileClasspath,runtimeClasspath,testCompileClasspath,testRuntimeClasspath
org.jetbrains.kotlinx:kotlinx-io-core-jvm:0.8.2=compileClasspath,runtimeClasspath,testCompileClasspath,testRuntimeClasspath
org.jetbrains.kotlinx:kotlinx-io-core:0.8.2=compileClasspath,runtimeClasspath,testCompileClasspath,testRuntimeClasspath
org.jetbrains.kotlinx:kotlinx-serialization-bom:1.11.0=compileClasspath,runtimeClasspath,testCompileClasspath,testRuntimeClasspath
org.jetbrains.kotlinx:kotlinx-serialization-core-jvm:1.11.0=compileClasspath,runtimeClasspath,testCompileClasspath,testRuntimeClasspath
org.jetbrains.kotlinx:kotlinx-serialization-core:1.11.0=compileClasspath,runtimeClasspath,testCompileClasspath,testRuntimeClasspath
org.jetbrains.kotlinx:kotlinx-serialization-json-io-jvm:1.11.0=compileClasspath,runtimeClasspath,testCompileClasspath,testRuntimeClasspath
org.jetbrains.kotlinx:kotlinx-serialization-json-io:1.11.0=compileClasspath,runtimeClasspath,testCompileClasspath,testRuntimeClasspath
org.jetbrains.kotlinx:kotlinx-serialization-json-jvm:1.11.0=compileClasspath,runtimeClasspath,testCompileClasspath,testRuntimeClasspath
org.jetbrains.kotlinx:kotlinx-serialization-json:1.11.0=compileClasspath,runtimeClasspath,testCompileClasspath,testRuntimeClasspath
org.jetbrains:annotations:13.0=kotlinBuildToolsApiClasspath,kotlinCompilerClasspath,kotlinCompilerPluginClasspathMain,kotlinCompilerPluginClasspathTest,kotlinInternalAbiValidation,kotlinKlibCommonizerClasspath,kspKotlinProcessorClasspath,kspPluginClasspath,kspPluginClasspathNonEmbeddable,kspTestKotlinProcessorClasspath
org.jetbrains:annotations:23.0.0=compileClasspath
org.jetbrains:annotations:26.1.0=runtimeClasspath,testCompileClasspath,testRuntimeClasspath
org.jspecify:jspecify:1.0.0=compileClasspath,kspKotlinProcessorClasspath,kspTestKotlinProcessorClasspath,runtimeClasspath,testCompileClasspath,testRuntimeClasspath
org.junit.jupiter:junit-jupiter-api:6.1.0-M1=testCompileClasspath,testRuntimeClasspath
org.junit.jupiter:junit-jupiter-engine:6.1.0-M1=testRuntimeClasspath
org.junit.jupiter:junit-jupiter-params:6.1.0-M1=testCompileClasspath,testRuntimeClasspath
org.junit.jupiter:junit-jupiter:6.1.0-M1=testCompileClasspath,testRuntimeClasspath
org.junit.platform:junit-platform-commons:6.1.0-M1=testCompileClasspath,testRuntimeClasspath
org.junit.platform:junit-platform-engine:6.1.0-M1=testRuntimeClasspath
org.junit.platform:junit-platform-launcher:6.1.0-M1=testRuntimeClasspath
org.junit:junit-bom:6.1.0-M1=testCompileClasspath,testRuntimeClasspath
org.mock-server:mockserver-client-java:5.15.0=testCompileClasspath,testRuntimeClasspath
org.mock-server:mockserver-core:5.15.0=testCompileClasspath,testRuntimeClasspath
org.mockito:mockito-core:5.23.0=mockitoAgent,testCompileClasspath,testRuntimeClasspath
org.mockito:mockito-junit-jupiter:5.23.0=testCompileClasspath,testRuntimeClasspath
org.mozilla:rhino:1.7.7.2=testCompileClasspath,testRuntimeClasspath
org.objenesis:objenesis:3.3=testRuntimeClasspath
org.opentest4j:opentest4j:1.3.0=testCompileClasspath,testRuntimeClasspath
org.ow2.asm:asm:9.1=testCompileClasspath,testRuntimeClasspath
org.reactivestreams:reactive-streams:1.0.4=compileClasspath,runtimeClasspath,testCompileClasspath,testRuntimeClasspath
org.rnorth.duct-tape:duct-tape:1.0.8=testCompileClasspath,testRuntimeClasspath
org.slf4j:slf4j-api:2.0.17=compileClasspath,runtimeClasspath,testCompileClasspath,testRuntimeClasspath
org.testcontainers:testcontainers-hivemq:2.0.5=testCompileClasspath,testRuntimeClasspath
org.testcontainers:testcontainers-junit-jupiter:2.0.5=testCompileClasspath,testRuntimeClasspath
org.testcontainers:testcontainers-mockserver:2.0.5=testCompileClasspath,testRuntimeClasspath
org.testcontainers:testcontainers:2.0.5=testCompileClasspath,testRuntimeClasspath
org.xmlunit:xmlunit-core:2.9.1=testCompileClasspath,testRuntimeClasspath
org.xmlunit:xmlunit-placeholders:2.9.1=testCompileClasspath,testRuntimeClasspath
org.yaml:snakeyaml:1.33=testCompileClasspath,testRuntimeClasspath
empty=annotationProcessor,implementationDependenciesMetadata,kotlinCompilerPluginClasspath,kotlinNativeCompilerPluginClasspath,kotlinScriptDefExtensions,testAnnotationProcessor,testImplementationDependenciesMetadata,testKotlinScriptDefExtensions
